
Microsoft Visual Studio Solution File, Format Version 12.00
# Visual Studio 15
VisualStudioVersion = 15.0.27130.2027
MinimumVisualStudioVersion = 10.0.40219.1
Project("{FAE04EC0-301F-11D3-BF4B-00C04F79EFBC}") = "AppBanco.Android", "AppBanco\AppBanco.Android\AppBanco.Android.csproj", "{3821A88D-9195-4B01-A140-A40C7D2489C5}"
EndProject
Project("{FAE04EC0-301F-11D3-BF4B-00C04F79EFBC}") = "AppBanco.iOS", "AppBanco\AppBanco.iOS\AppBanco.iOS.csproj", "{8B037553-45B7-485E-A029-DD3468C0BC65}"
EndProject
Project("{FAE04EC0-301F-11D3-BF4B-00C04F79EFBC}") = "AppBanco.UWP", "AppBanco\AppBanco.UWP\AppBanco.UWP.csproj", "{F5AEB66B-DF59-4ACA-A5E0-D7B2BBDFDECE}"
EndProject
Project("{FAE04EC0-301F-11D3-BF4B-00C04F79EFBC}") = "AppBanco", "AppBanco\AppBanco\AppBanco.csproj", "{2045A13A-11AB-43B6-9C92-E91CDFBE1F74}"
EndProject
Global
	GlobalSection(SolutionConfigurationPlatforms) = preSolution
		Ad-Hoc|Any CPU = Ad-Hoc|Any CPU
		Ad-Hoc|ARM = Ad-Hoc|ARM
		Ad-Hoc|iPhone = Ad-Hoc|iPhone
		Ad-Hoc|iPhoneSimulator = Ad-Hoc|iPhoneSimulator
		Ad-Hoc|x64 = Ad-Hoc|x64
		Ad-Hoc|x86 = Ad-Hoc|x86
		AppStore|Any CPU = AppStore|Any CPU
		AppStore|ARM = AppStore|ARM
		AppStore|iPhone = AppStore|iPhone
		AppStore|iPhoneSimulator = AppStore|iPhoneSimulator
		AppStore|x64 = AppStore|x64
		AppStore|x86 = AppStore|x86
		Debug|Any CPU = Debug|Any CPU
		Debug|ARM = Debug|ARM
		Debug|iPhone = Debug|iPhone
		Debug|iPhoneSimulator = Debug|iPhoneSimulator
		Debug|x64 = Debug|x64
		Debug|x86 = Debug|x86
		Release|Any CPU = Release|Any CPU
		Release|ARM = Release|ARM
		Release|iPhone = Release|iPhone
		Release|iPhoneSimulator = Release|iPhoneSimulator
		Release|x64 = Release|x64
		Release|x86 = Release|x86
	EndGlobalSection
	GlobalSection(ProjectConfigurationPlatforms) = postSolution
		{3821A88D-9195-4B01-A140-A40C7D2489C5}.Ad-Hoc|Any CPU.ActiveCfg = Release|Any CPU
		{3821A88D-9195-4B01-A140-A40C7D2489C5}.Ad-Hoc|Any CPU.Build.0 = Release|Any CPU
		{3821A88D-9195-4B01-A140-A40C7D2489C5}.Ad-Hoc|Any CPU.Deploy.0 = Release|Any CPU
		{3821A88D-9195-4B01-A140-A40C7D2489C5}.Ad-Hoc|ARM.ActiveCfg = Release|Any CPU
		{3821A88D-9195-4B01-A140-A40C7D2489C5}.Ad-Hoc|ARM.Build.0 = Release|Any CPU
		{3821A88D-9195-4B01-A140-A40C7D2489C5}.Ad-Hoc|ARM.Deploy.0 = Release|Any CPU
		{3821A88D-9195-4B01-A140-A40C7D2489C5}.Ad-Hoc|iPhone.ActiveCfg = Release|Any CPU
		{3821A88D-9195-4B01-A140-A40C7D2489C5}.Ad-Hoc|iPhone.Build.0 = Release|Any CPU
		{3821A88D-9195-4B01-A140-A40C7D2489C5}.Ad-Hoc|iPhone.Deploy.0 = Release|Any CPU
		{3821A88D-9195-4B01-A140-A40C7D2489C5}.Ad-Hoc|iPhoneSimulator.ActiveCfg = Release|Any CPU
		{3821A88D-9195-4B01-A140-A40C7D2489C5}.Ad-Hoc|iPhoneSimulator.Build.0 = Release|Any CPU
		{3821A88D-9195-4B01-A140-A40C7D2489C5}.Ad-Hoc|iPhoneSimulator.Deploy.0 = Release|Any CPU
		{3821A88D-9195-4B01-A140-A40C7D2489C5}.Ad-Hoc|x64.ActiveCfg = Release|Any CPU
		{3821A88D-9195-4B01-A140-A40C7D2489C5}.Ad-Hoc|x64.Build.0 = Release|Any CPU
		{3821A88D-9195-4B01-A140-A40C7D2489C5}.Ad-Hoc|x64.Deploy.0 = Release|Any CPU
		{3821A88D-9195-4B01-A140-A40C7D2489C5}.Ad-Hoc|x86.ActiveCfg = Release|Any CPU
		{3821A88D-9195-4B01-A140-A40C7D2489C5}.Ad-Hoc|x86.Build.0 = Release|Any CPU
		{3821A88D-9195-4B01-A140-A40C7D2489C5}.Ad-Hoc|x86.Deploy.0 = Release|Any CPU
		{3821A88D-9195-4B01-A140-A40C7D2489C5}.AppStore|Any CPU.ActiveCfg = Release|Any CPU
		{3821A88D-9195-4B01-A140-A40C7D2489C5}.AppStore|Any CPU.Build.0 = Release|Any CPU
		{3821A88D-9195-4B01-A140-A40C7D2489C5}.AppStore|Any CPU.Deploy.0 = Release|Any CPU
		{3821A88D-9195-4B01-A140-A40C7D2489C5}.AppStore|ARM.ActiveCfg = Release|Any CPU
		{3821A88D-9195-4B01-A140-A40C7D2489C5}.AppStore|ARM.Build.0 = Release|Any CPU
		{3821A88D-9195-4B01-A140-A40C7D2489C5}.AppStore|ARM.Deploy.0 = Release|Any CPU
		{3821A88D-9195-4B01-A140-A40C7D2489C5}.AppStore|iPhone.ActiveCfg = Release|Any CPU
		{3821A88D-9195-4B01-A140-A40C7D2489C5}.AppStore|iPhone.Build.0 = Release|Any CPU
		{3821A88D-9195-4B01-A140-A40C7D2489C5}.AppStore|iPhone.Deploy.0 = Release|Any CPU
		{3821A88D-9195-4B01-A140-A40C7D2489C5}.AppStore|iPhoneSimulator.ActiveCfg = Release|Any CPU
		{3821A88D-9195-4B01-A140-A40C7D2489C5}.AppStore|iPhoneSimulator.Build.0 = Release|Any CPU
		{3821A88D-9195-4B01-A140-A40C7D2489C5}.AppStore|iPhoneSimulator.Deploy.0 = Release|Any CPU
		{3821A88D-9195-4B01-A140-A40C7D2489C5}.AppStore|x64.ActiveCfg = Release|Any CPU
		{3821A88D-9195-4B01-A140-A40C7D2489C5}.AppStore|x64.Build.0 = Release|Any CPU
		{3821A88D-9195-4B01-A140-A40C7D2489C5}.AppStore|x64.Deploy.0 = Release|Any CPU
		{3821A88D-9195-4B01-A140-A40C7D2489C5}.AppStore|x86.ActiveCfg = Release|Any CPU
		{3821A88D-9195-4B01-A140-A40C7D2489C5}.AppStore|x86.Build.0 = Release|Any CPU
		{3821A88D-9195-4B01-A140-A40C7D2489C5}.AppStore|x86.Deploy.0 = Release|Any CPU
		{3821A88D-9195-4B01-A140-A40C7D2489C5}.Debug|Any CPU.ActiveCfg = Debug|Any CPU
		{3821A88D-9195-4B01-A140-A40C7D2489C5}.Debug|Any CPU.Build.0 = Debug|Any CPU
		{3821A88D-9195-4B01-A140-A40C7D2489C5}.Debug|Any CPU.Deploy.0 = Debug|Any CPU
		{3821A88D-9195-4B01-A140-A40C7D2489C5}.Debug|ARM.ActiveCfg = Debug|Any CPU
		{3821A88D-9195-4B01-A140-A40C7D2489C5}.Debug|ARM.Build.0 = Debug|Any CPU
		{3821A88D-9195-4B01-A140-A40C7D2489C5}.Debug|ARM.Deploy.0 = Debug|Any CPU
		{3821A88D-9195-4B01-A140-A40C7D2489C5}.Debug|iPhone.ActiveCfg = Debug|Any CPU
		{3821A88D-9195-4B01-A140-A40C7D2489C5}.Debug|iPhone.Build.0 = Debug|Any CPU
		{3821A88D-9195-4B01-A140-A40C7D2489C5}.Debug|iPhone.Deploy.0 = Debug|Any CPU
		{3821A88D-9195-4B01-A140-A40C7D2489C5}.Debug|iPhoneSimulator.ActiveCfg = Debug|Any CPU
		{3821A88D-9195-4B01-A140-A40C7D2489C5}.Debug|iPhoneSimulator.Build.0 = Debug|Any CPU
		{3821A88D-9195-4B01-A140-A40C7D2489C5}.Debug|iPhoneSimulator.Deploy.0 = Debug|Any CPU
		{3821A88D-9195-4B01-A140-A40C7D2489C5}.Debug|x64.ActiveCfg = Debug|Any CPU
		{3821A88D-9195-4B01-A140-A40C7D2489C5}.Debug|x64.Build.0 = Debug|Any CPU
		{3821A88D-9195-4B01-A140-A40C7D2489C5}.Debug|x64.Deploy.0 = Debug|Any CPU
		{3821A88D-9195-4B01-A140-A40C7D2489C5}.Debug|x86.ActiveCfg = Debug|Any CPU
		{3821A88D-9195-4B01-A140-A40C7D2489C5}.Debug|x86.Build.0 = Debug|Any CPU
		{3821A88D-9195-4B01-A140-A40C7D2489C5}.Debug|x86.Deploy.0 = Debug|Any CPU
		{3821A88D-9195-4B01-A140-A40C7D2489C5}.Release|Any CPU.ActiveCfg = Release|Any CPU
		{3821A88D-9195-4B01-A140-A40C7D2489C5}.Release|Any CPU.Build.0 = Release|Any CPU
		{3821A88D-9195-4B01-A140-A40C7D2489C5}.Release|Any CPU.Deploy.0 = Release|Any CPU
		{3821A88D-9195-4B01-A140-A40C7D2489C5}.Release|ARM.ActiveCfg = Release|Any CPU
		{3821A88D-9195-4B01-A140-A40C7D2489C5}.Release|ARM.Build.0 = Release|Any CPU
		{3821A88D-9195-4B01-A140-A40C7D2489C5}.Release|ARM.Deploy.0 = Release|Any CPU
		{3821A88D-9195-4B01-A140-A40C7D2489C5}.Release|iPhone.ActiveCfg = Release|Any CPU
		{3821A88D-9195-4B01-A140-A40C7D2489C5}.Release|iPhone.Build.0 = Release|Any CPU
		{3821A88D-9195-4B01-A140-A40C7D2489C5}.Release|iPhone.Deploy.0 = Release|Any CPU
		{3821A88D-9195-4B01-A140-A40C7D2489C5}.Release|iPhoneSimulator.ActiveCfg = Release|Any CPU
		{3821A88D-9195-4B01-A140-A40C7D2489C5}.Release|iPhoneSimulator.Build.0 = Release|Any CPU
		{3821A88D-9195-4B01-A140-A40C7D2489C5}.Release|iPhoneSimulator.Deploy.0 = Release|Any CPU
		{3821A88D-9195-4B01-A140-A40C7D2489C5}.Release|x64.ActiveCfg = Release|Any CPU
		{3821A88D-9195-4B01-A140-A40C7D2489C5}.Release|x64.Build.0 = Release|Any CPU
		{3821A88D-9195-4B01-A140-A40C7D2489C5}.Release|x64.Deploy.0 = Release|Any CPU
		{3821A88D-9195-4B01-A140-A40C7D2489C5}.Release|x86.ActiveCfg = Release|Any CPU
		{3821A88D-9195-4B01-A140-A40C7D2489C5}.Release|x86.Build.0 = Release|Any CPU
		{3821A88D-9195-4B01-A140-A40C7D2489C5}.Release|x86.Deploy.0 = Release|Any CPU
		{8B037553-45B7-485E-A029-DD3468C0BC65}.Ad-Hoc|Any CPU.ActiveCfg = Ad-Hoc|iPhone
		{8B037553-45B7-485E-A029-DD3468C0BC65}.Ad-Hoc|ARM.ActiveCfg = Ad-Hoc|iPhone
		{8B037553-45B7-485E-A029-DD3468C0BC65}.Ad-Hoc|iPhone.ActiveCfg = Ad-Hoc|iPhone
		{8B037553-45B7-485E-A029-DD3468C0BC65}.Ad-Hoc|iPhone.Build.0 = Ad-Hoc|iPhone
		{8B037553-45B7-485E-A029-DD3468C0BC65}.Ad-Hoc|iPhoneSimulator.ActiveCfg = Ad-Hoc|iPhoneSimulator
		{8B037553-45B7-485E-A029-DD3468C0BC65}.Ad-Hoc|iPhoneSimulator.Build.0 = Ad-Hoc|iPhoneSimulator
		{8B037553-45B7-485E-A029-DD3468C0BC65}.Ad-Hoc|x64.ActiveCfg = Ad-Hoc|iPhone
		{8B037553-45B7-485E-A029-DD3468C0BC65}.Ad-Hoc|x86.ActiveCfg = Ad-Hoc|iPhone
		{8B037553-45B7-485E-A029-DD3468C0BC65}.AppStore|Any CPU.ActiveCfg = AppStore|iPhone
		{8B037553-45B7-485E-A029-DD3468C0BC65}.AppStore|ARM.ActiveCfg = AppStore|iPhone
		{8B037553-45B7-485E-A029-DD3468C0BC65}.AppStore|iPhone.ActiveCfg = AppStore|iPhone
		{8B037553-45B7-485E-A029-DD3468C0BC65}.AppStore|iPhone.Build.0 = AppStore|iPhone
		{8B037553-45B7-485E-A029-DD3468C0BC65}.AppStore|iPhoneSimulator.ActiveCfg = AppStore|iPhoneSimulator
		{8B037553-45B7-485E-A029-DD3468C0BC65}.AppStore|iPhoneSimulator.Build.0 = AppStore|iPhoneSimulator
		{8B037553-45B7-485E-A029-DD3468C0BC65}.AppStore|x64.ActiveCfg = AppStore|iPhone
		{8B037553-45B7-485E-A029-DD3468C0BC65}.AppStore|x86.ActiveCfg = AppStore|iPhone
		{8B037553-45B7-485E-A029-DD3468C0BC65}.Debug|Any CPU.ActiveCfg = Debug|iPhone
		{8B037553-45B7-485E-A029-DD3468C0BC65}.Debug|ARM.ActiveCfg = Debug|iPhone
		{8B037553-45B7-485E-A029-DD3468C0BC65}.Debug|iPhone.ActiveCfg = Debug|iPhone
		{8B037553-45B7-485E-A029-DD3468C0BC65}.Debug|iPhone.Build.0 = Debug|iPhone
		{8B037553-45B7-485E-A029-DD3468C0BC65}.Debug|iPhoneSimulator.ActiveCfg = Debug|iPhoneSimulator
		{8B037553-45B7-485E-A029-DD3468C0BC65}.Debug|iPhoneSimulator.Build.0 = Debug|iPhoneSimulator
		{8B037553-45B7-485E-A029-DD3468C0BC65}.Debug|x64.ActiveCfg = Debug|iPhone
		{8B037553-45B7-485E-A029-DD3468C0BC65}.Debug|x86.ActiveCfg = Debug|iPhone
		{8B037553-45B7-485E-A029-DD3468C0BC65}.Release|Any CPU.ActiveCfg = Release|iPhone
		{8B037553-45B7-485E-A029-DD3468C0BC65}.Release|ARM.ActiveCfg = Release|iPhone
		{8B037553-45B7-485E-A029-DD3468C0BC65}.Release|iPhone.ActiveCfg = Release|iPhone
		{8B037553-45B7-485E-A029-DD3468C0BC65}.Release|iPhone.Build.0 = Release|iPhone
		{8B037553-45B7-485E-A029-DD3468C0BC65}.Release|iPhoneSimulator.ActiveCfg = Release|iPhoneSimulator
		{8B037553-45B7-485E-A029-DD3468C0BC65}.Release|iPhoneSimulator.Build.0 = Release|iPhoneSimulator
		{8B037553-45B7-485E-A029-DD3468C0BC65}.Release|x64.ActiveCfg = Release|iPhone
		{8B037553-45B7-485E-A029-DD3468C0BC65}.Release|x86.ActiveCfg = Release|iPhone
		{F5AEB66B-DF59-4ACA-A5E0-D7B2BBDFDECE}.Ad-Hoc|Any CPU.ActiveCfg = Release|x86
		{F5AEB66B-DF59-4ACA-A5E0-D7B2BBDFDECE}.Ad-Hoc|Any CPU.Build.0 = Release|x86
		{F5AEB66B-DF59-4ACA-A5E0-D7B2BBDFDECE}.Ad-Hoc|Any CPU.Deploy.0 = Release|x86
		{F5AEB66B-DF59-4ACA-A5E0-D7B2BBDFDECE}.Ad-Hoc|ARM.ActiveCfg = Release|ARM
		{F5AEB66B-DF59-4ACA-A5E0-D7B2BBDFDECE}.Ad-Hoc|ARM.Build.0 = Release|ARM
		{F5AEB66B-DF59-4ACA-A5E0-D7B2BBDFDECE}.Ad-Hoc|ARM.Deploy.0 = Release|ARM
		{F5AEB66B-DF59-4ACA-A5E0-D7B2BBDFDECE}.Ad-Hoc|iPhone.ActiveCfg = Release|x86
		{F5AEB66B-DF59-4ACA-A5E0-D7B2BBDFDECE}.Ad-Hoc|iPhone.Build.0 = Release|x86
		{F5AEB66B-DF59-4ACA-A5E0-D7B2BBDFDECE}.Ad-Hoc|iPhone.Deploy.0 = Release|x86
		{F5AEB66B-DF59-4ACA-A5E0-D7B2BBDFDECE}.Ad-Hoc|iPhoneSimulator.ActiveCfg = Release|x86
		{F5AEB66B-DF59-4ACA-A5E0-D7B2BBDFDECE}.Ad-Hoc|iPhoneSimulator.Build.0 = Release|x86
		{F5AEB66B-DF59-4ACA-A5E0-D7B2BBDFDECE}.Ad-Hoc|iPhoneSimulator.Deploy.0 = Release|x86
		{F5AEB66B-DF59-4ACA-A5E0-D7B2BBDFDECE}.Ad-Hoc|x64.ActiveCfg = Release|x64
		{F5AEB66B-DF59-4ACA-A5E0-D7B2BBDFDECE}.Ad-Hoc|x64.Build.0 = Release|x64
		{F5AEB66B-DF59-4ACA-A5E0-D7B2BBDFDECE}.Ad-Hoc|x64.Deploy.0 = Release|x64
		{F5AEB66B-DF59-4ACA-A5E0-D7B2BBDFDECE}.Ad-Hoc|x86.ActiveCfg = Release|x86
		{F5AEB66B-DF59-4ACA-A5E0-D7B2BBDFDECE}.Ad-Hoc|x86.Build.0 = Release|x86
		{F5AEB66B-DF59-4ACA-A5E0-D7B2BBDFDECE}.Ad-Hoc|x86.Deploy.0 = Release|x86
		{F5AEB66B-DF59-4ACA-A5E0-D7B2BBDFDECE}.AppStore|Any CPU.ActiveCfg = Release|x86
		{F5AEB66B-DF59-4ACA-A5E0-D7B2BBDFDECE}.AppStore|Any CPU.Build.0 = Release|x86
		{F5AEB66B-DF59-4ACA-A5E0-D7B2BBDFDECE}.AppStore|Any CPU.Deploy.0 = Release|x86
		{F5AEB66B-DF59-4ACA-A5E0-D7B2BBDFDECE}.AppStore|ARM.ActiveCfg = Release|ARM
		{F5AEB66B-DF59-4ACA-A5E0-D7B2BBDFDECE}.AppStore|ARM.Build.0 = Release|ARM
		{F5AEB66B-DF59-4ACA-A5E0-D7B2BBDFDECE}.AppStore|ARM.Deploy.0 = Release|ARM
		{F5AEB66B-DF59-4ACA-A5E0-D7B2BBDFDECE}.AppStore|iPhone.ActiveCfg = Release|x86
		{F5AEB66B-DF59-4ACA-A5E0-D7B2BBDFDECE}.AppStore|iPhone.Build.0 = Release|x86
		{F5AEB66B-DF59-4ACA-A5E0-D7B2BBDFDECE}.AppStore|iPhone.Deploy.0 = Release|x86
		{F5AEB66B-DF59-4ACA-A5E0-D7B2BBDFDECE}.AppStore|iPhoneSimulator.ActiveCfg = Release|x86
		{F5AEB66B-DF59-4ACA-A5E0-D7B2BBDFDECE}.AppStore|iPhoneSimulator.Build.0 = Release|x86
		{F5AEB66B-DF59-4ACA-A5E0-D7B2BBDFDECE}.AppStore|iPhoneSimulator.Deploy.0 = Release|x86
		{F5AEB66B-DF59-4ACA-A5E0-D7B2BBDFDECE}.AppStore|x64.ActiveCfg = Release|x64
		{F5AEB66B-DF59-4ACA-A5E0-D7B2BBDFDECE}.AppStore|x64.Build.0 = Release|x64
		{F5AEB66B-DF59-4ACA-A5E0-D7B2BBDFDECE}.AppStore|x64.Deploy.0 = Release|x64
		{F5AEB66B-DF59-4ACA-A5E0-D7B2BBDFDECE}.AppStore|x86.ActiveCfg = Release|x86
		{F5AEB66B-DF59-4ACA-A5E0-D7B2BBDFDECE}.AppStore|x86.Build.0 = Release|x86
		{F5AEB66B-DF59-4ACA-A5E0-D7B2BBDFDECE}.AppStore|x86.Deploy.0 = Release|x86
		{F5AEB66B-DF59-4ACA-A5E0-D7B2BBDFDECE}.Debug|Any CPU.ActiveCfg = Debug|x86
		{F5AEB66B-DF59-4ACA-A5E0-D7B2BBDFDECE}.Debug|ARM.ActiveCfg = Debug|ARM
		{F5AEB66B-DF59-4ACA-A5E0-D7B2BBDFDECE}.Debug|ARM.Build.0 = Debug|ARM
		{F5AEB66B-DF59-4ACA-A5E0-D7B2BBDFDECE}.Debug|ARM.Deploy.0 = Debug|ARM
		{F5AEB66B-DF59-4ACA-A5E0-D7B2BBDFDECE}.Debug|iPhone.ActiveCfg = Debug|x86
		{F5AEB66B-DF59-4ACA-A5E0-D7B2BBDFDECE}.Debug|iPhoneSimulator.ActiveCfg = Debug|x86
		{F5AEB66B-DF59-4ACA-A5E0-D7B2BBDFDECE}.Debug|x64.ActiveCfg = Debug|x64
		{F5AEB66B-DF59-4ACA-A5E0-D7B2BBDFDECE}.Debug|x64.Build.0 = Debug|x64
		{F5AEB66B-DF59-4ACA-A5E0-D7B2BBDFDECE}.Debug|x64.Deploy.0 = Debug|x64
		{F5AEB66B-DF59-4ACA-A5E0-D7B2BBDFDECE}.Debug|x86.ActiveCfg = Debug|x86
		{F5AEB66B-DF59-4ACA-A5E0-D7B2BBDFDECE}.Debug|x86.Build.0 = Debug|x86
		{F5AEB66B-DF59-4ACA-A5E0-D7B2BBDFDECE}.Debug|x86.Deploy.0 = Debug|x86
		{F5AEB66B-DF59-4ACA-A5E0-D7B2BBDFDECE}.Release|Any CPU.ActiveCfg = Release|x86
		{F5AEB66B-DF59-4ACA-A5E0-D7B2BBDFDECE}.Release|ARM.ActiveCfg = Release|ARM
		{F5AEB66B-DF59-4ACA-A5E0-D7B2BBDFDECE}.Release|ARM.Build.0 = Release|ARM
		{F5AEB66B-DF59-4ACA-A5E0-D7B2BBDFDECE}.Release|ARM.Deploy.0 = Release|ARM
		{F5AEB66B-DF59-4ACA-A5E0-D7B2BBDFDECE}.Release|iPhone.ActiveCfg = Release|x86
		{F5AEB66B-DF59-4ACA-A5E0-D7B2BBDFDECE}.Release|iPhoneSimulator.ActiveCfg = Release|x86
		{F5AEB66B-DF59-4ACA-A5E0-D7B2BBDFDECE}.Release|x64.ActiveCfg = Release|x64
		{F5AEB66B-DF59-4ACA-A5E0-D7B2BBDFDECE}.Release|x64.Build.0 = Release|x64
		{F5AEB66B-DF59-4ACA-A5E0-D7B2BBDFDECE}.Release|x64.Deploy.0 = Release|x64
		{F5AEB66B-DF59-4ACA-A5E0-D7B2BBDFDECE}.Release|x86.ActiveCfg = Release|x86
		{F5AEB66B-DF59-4ACA-A5E0-D7B2BBDFDECE}.Release|x86.Build.0 = Release|x86
		{F5AEB66B-DF59-4ACA-A5E0-D7B2BBDFDECE}.Release|x86.Deploy.0 = Release|x86
		{2045A13A-11AB-43B6-9C92-E91CDFBE1F74}.Ad-Hoc|Any CPU.ActiveCfg = Debug|Any CPU
		{2045A13A-11AB-43B6-9C92-E91CDFBE1F74}.Ad-Hoc|Any CPU.Build.0 = Debug|Any CPU
		{2045A13A-11AB-43B6-9C92-E91CDFBE1F74}.Ad-Hoc|ARM.ActiveCfg = Debug|Any CPU
		{2045A13A-11AB-43B6-9C92-E91CDFBE1F74}.Ad-Hoc|ARM.Build.0 = Debug|Any CPU
		{2045A13A-11AB-43B6-9C92-E91CDFBE1F74}.Ad-Hoc|iPhone.ActiveCfg = Debug|Any CPU
		{2045A13A-11AB-43B6-9C92-E91CDFBE1F74}.Ad-Hoc|iPhone.Build.0 = Debug|Any CPU
		{2045A13A-11AB-43B6-9C92-E91CDFBE1F74}.Ad-Hoc|iPhoneSimulator.ActiveCfg = Debug|Any CPU
		{2045A13A-11AB-43B6-9C92-E91CDFBE1F74}.Ad-Hoc|iPhoneSimulator.Build.0 = Debug|Any CPU
		{2045A13A-11AB-43B6-9C92-E91CDFBE1F74}.Ad-Hoc|x64.ActiveCfg = Debug|Any CPU
		{2045A13A-11AB-43B6-9C92-E91CDFBE1F74}.Ad-Hoc|x64.Build.0 = Debug|Any CPU
		{2045A13A-11AB-43B6-9C92-E91CDFBE1F74}.Ad-Hoc|x86.ActiveCfg = Debug|Any CPU
		{2045A13A-11AB-43B6-9C92-E91CDFBE1F74}.Ad-Hoc|x86.Build.0 = Debug|Any CPU
		{2045A13A-11AB-43B6-9C92-E91CDFBE1F74}.AppStore|Any CPU.ActiveCfg = Debug|Any CPU
		{2045A13A-11AB-43B6-9C92-E91CDFBE1F74}.AppStore|Any CPU.Build.0 = Debug|Any CPU
		{2045A13A-11AB-43B6-9C92-E91CDFBE1F74}.AppStore|ARM.ActiveCfg = Debug|Any CPU
		{2045A13A-11AB-43B6-9C92-E91CDFBE1F74}.AppStore|ARM.Build.0 = Debug|Any CPU
		{2045A13A-11AB-43B6-9C92-E91CDFBE1F74}.AppStore|iPhone.ActiveCfg = Debug|Any CPU
		{2045A13A-11AB-43B6-9C92-E91CDFBE1F74}.AppStore|iPhone.Build.0 = Debug|Any CPU
		{2045A13A-11AB-43B6-9C92-E91CDFBE1F74}.AppStore|iPhoneSimulator.ActiveCfg = Debug|Any CPU
		{2045A13A-11AB-43B6-9C92-E91CDFBE1F74}.AppStore|iPhoneSimulator.Build.0 = Debug|Any CPU
		{2045A13A-11AB-43B6-9C92-E91CDFBE1F74}.AppStore|x64.ActiveCfg = Debug|Any CPU
		{2045A13A-11AB-43B6-9C92-E91CDFBE1F74}.AppStore|x64.Build.0 = Debug|Any CPU
		{2045A13A-11AB-43B6-9C92-E91CDFBE1F74}.AppStore|x86.ActiveCfg = Debug|Any CPU
		{2045A13A-11AB-43B6-9C92-E91CDFBE1F74}.AppStore|x86.Build.0 = Debug|Any CPU
		{2045A13A-11AB-43B6-9C92-E91CDFBE1F74}.Debug|Any CPU.ActiveCfg = Debug|Any CPU
		{2045A13A-11AB-43B6-9C92-E91CDFBE1F74}.Debug|Any CPU.Build.0 = Debug|Any CPU
		{2045A13A-11AB-43B6-9C92-E91CDFBE1F74}.Debug|ARM.ActiveCfg = Debug|Any CPU
		{2045A13A-11AB-43B6-9C92-E91CDFBE1F74}.Debug|ARM.Build.0 = Debug|Any CPU
		{2045A13A-11AB-43B6-9C92-E91CDFBE1F74}.Debug|iPhone.ActiveCfg = Debug|Any CPU
		{2045A13A-11AB-43B6-9C92-E91CDFBE1F74}.Debug|iPhone.Build.0 = Debug|Any CPU
		{2045A13A-11AB-43B6-9C92-E91CDFBE1F74}.Debug|iPhoneSimulator.ActiveCfg = Debug|Any CPU
		{2045A13A-11AB-43B6-9C92-E91CDFBE1F74}.Debug|iPhoneSimulator.Build.0 = Debug|Any CPU
		{2045A13A-11AB-43B6-9C92-E91CDFBE1F74}.Debug|x64.ActiveCfg = Debug|Any CPU
		{2045A13A-11AB-43B6-9C92-E91CDFBE1F74}.Debug|x64.Build.0 = Debug|Any CPU
		{2045A13A-11AB-43B6-9C92-E91CDFBE1F74}.Debug|x86.ActiveCfg = Debug|Any CPU
		{2045A13A-11AB-43B6-9C92-E91CDFBE1F74}.Debug|x86.Build.0 = Debug|Any CPU
		{2045A13A-11AB-43B6-9C92-E91CDFBE1F74}.Release|Any CPU.ActiveCfg = Release|Any CPU
		{2045A13A-11AB-43B6-9C92-E91CDFBE1F74}.Release|Any CPU.Build.0 = Release|Any CPU
		{2045A13A-11AB-43B6-9C92-E91CDFBE1F74}.Release|ARM.ActiveCfg = Release|Any CPU
		{2045A13A-11AB-43B6-9C92-E91CDFBE1F74}.Release|ARM.Build.0 = Release|Any CPU
		{2045A13A-11AB-43B6-9C92-E91CDFBE1F74}.Release|iPhone.ActiveCfg = Release|Any CPU
		{2045A13A-11AB-43B6-9C92-E91CDFBE1F74}.Release|iPhone.Build.0 = Release|Any CPU
		{2045A13A-11AB-43B6-9C92-E91CDFBE1F74}.Release|iPhoneSimulator.ActiveCfg = Release|Any CPU
		{2045A13A-11AB-43B6-9C92-E91CDFBE1F74}.Release|iPhoneSimulator.Build.0 = Release|Any CPU
		{2045A13A-11AB-43B6-9C92-E91CDFBE1F74}.Release|x64.ActiveCfg = Release|Any CPU
		{2045A13A-11AB-43B6-9C92-E91CDFBE1F74}.Release|x64.Build.0 = Release|Any CPU
		{2045A13A-11AB-43B6-9C92-E91CDFBE1F74}.Release|x86.ActiveCfg = Release|Any CPU
		{2045A13A-11AB-43B6-9C92-E91CDFBE1F74}.Release|x86.Build.0 = Release|Any CPU
	EndGlobalSection
	GlobalSection(SolutionProperties) = preSolution
		HideSolutionNode = FALSE
	EndGlobalSection
	GlobalSection(ExtensibilityGlobals) = postSolution
		SolutionGuid = {ADDCCD3D-6F7C-48C6-81C8-355ED3BF4125}
	EndGlobalSection
EndGlobal
